
Microsoft Visual Studio Solution File, Format Version 12.00
# Visual Studio Version 17
VisualStudioVersion = 17.7.34031.279
MinimumVisualStudioVersion = 10.0.40219.1
Project("{FAE04EC0-301F-11D3-BF4B-00C04F79EFBC}") = "Lab7Ex4", "Lab7Ex4\Lab7Ex4.csproj", "{14E2E9D7-554B-43E8-858D-AA59F96E28DA}"
EndProject
Global
	GlobalSection(SolutionConfigurationPlatforms) = preSolution
		Debug|Any CPU = Debug|Any CPU
		Release|Any CPU = Release|Any CPU
	EndGlobalSection
	GlobalSection(ProjectConfigurationPlatforms) = postSolution
		{14E2E9D7-554B-43E8-858D-AA59F96E28DA}.Debug|Any CPU.ActiveCfg = Debug|Any CPU
		{14E2E9D7-554B-43E8-858D-AA59F96E28DA}.Debug|Any CPU.Build.0 = Debug|Any CPU
		{14E2E9D7-554B-43E8-858D-AA59F96E28DA}.Release|Any CPU.ActiveCfg = Release|Any CPU
		{14E2E9D7-554B-43E8-858D-AA59F96E28DA}.Release|Any CPU.Build.0 = Release|Any CPU
	EndGlobalSection
	GlobalSection(SolutionProperties) = preSolution
		HideSolutionNode = FALSE
	EndGlobalSection
	GlobalSection(ExtensibilityGlobals) = postSolution
		SolutionGuid = {C03BB5AF-BCB3-454C-B511-D527DBC9EC41}
	EndGlobalSection
EndGlobal
