
Microsoft Visual Studio Solution File, Format Version 12.00
# Visual Studio Version 17
VisualStudioVersion = 17.7.34202.233
MinimumVisualStudioVersion = 10.0.40219.1
Project("{FAE04EC0-301F-11D3-BF4B-00C04F79EFBC}") = "Assessment", "Assessment\Assessment.csproj", "{914CF778-6D7F-464D-A53B-C19E0A889E21}"
EndProject
Global
	GlobalSection(SolutionConfigurationPlatforms) = preSolution
		Debug|Any CPU = Debug|Any CPU
		Release|Any CPU = Release|Any CPU
	EndGlobalSection
	GlobalSection(ProjectConfigurationPlatforms) = postSolution
		{914CF778-6D7F-464D-A53B-C19E0A889E21}.Debug|Any CPU.ActiveCfg = Debug|Any CPU
		{914CF778-6D7F-464D-A53B-C19E0A889E21}.Debug|Any CPU.Build.0 = Debug|Any CPU
		{914CF778-6D7F-464D-A53B-C19E0A889E21}.Release|Any CPU.ActiveCfg = Release|Any CPU
		{914CF778-6D7F-464D-A53B-C19E0A889E21}.Release|Any CPU.Build.0 = Release|Any CPU
	EndGlobalSection
	GlobalSection(SolutionProperties) = preSolution
		HideSolutionNode = FALSE
	EndGlobalSection
	GlobalSection(ExtensibilityGlobals) = postSolution
		SolutionGuid = {60AF992B-BD48-459A-A4FD-0B80823EEC91}
	EndGlobalSection
EndGlobal
