
Microsoft Visual Studio Solution File, Format Version 12.00
# Visual Studio Version 17
VisualStudioVersion = 17.7.34202.233
MinimumVisualStudioVersion = 10.0.40219.1
Project("{FAE04EC0-301F-11D3-BF4B-00C04F79EFBC}") = "Lab6Ex4", "Lab6Ex4\Lab6Ex4.csproj", "{949BA53B-E757-411C-8587-446310ECFCB6}"
EndProject
Global
	GlobalSection(SolutionConfigurationPlatforms) = preSolution
		Debug|Any CPU = Debug|Any CPU
		Release|Any CPU = Release|Any CPU
	EndGlobalSection
	GlobalSection(ProjectConfigurationPlatforms) = postSolution
		{949BA53B-E757-411C-8587-446310ECFCB6}.Debug|Any CPU.ActiveCfg = Debug|Any CPU
		{949BA53B-E757-411C-8587-446310ECFCB6}.Debug|Any CPU.Build.0 = Debug|Any CPU
		{949BA53B-E757-411C-8587-446310ECFCB6}.Release|Any CPU.ActiveCfg = Release|Any CPU
		{949BA53B-E757-411C-8587-446310ECFCB6}.Release|Any CPU.Build.0 = Release|Any CPU
	EndGlobalSection
	GlobalSection(SolutionProperties) = preSolution
		HideSolutionNode = FALSE
	EndGlobalSection
	GlobalSection(ExtensibilityGlobals) = postSolution
		SolutionGuid = {30AE5BAD-CE08-4F8F-ADC8-F2F9BC52C868}
	EndGlobalSection
EndGlobal
